Microsoft Visual Studio Solution File, Format Version 12.00
# Visual Studio Version 16
VisualStudioVersion = 16.0.0.0
MinimumVisualStudioVersion = 16.0.0.0
Project("{9A19103F-16F7-4668-BE54-9A1E7A4F7556}") = "TravelLog.Server", "Server\TravelLog.Server.csproj", "{FA7CABE6-95E4-43D1-B8C2-825458432B3D}"
EndProject
Project("{9A19103F-16F7-4668-BE54-9A1E7A4F7556}") = "TravelLog.Client", "Client\TravelLog.Client.csproj", "{B1633D25-136A-4643-B38D-AA8F6C1E99DC}"
EndProject
Project("{9A19103F-16F7-4668-BE54-9A1E7A4F7556}") = "TravelLog.Shared", "Shared\TravelLog.Shared.csproj", "{8722BFE1-B9F4-48DC-8E76-85D5C920B872}"
EndProject
Global
	GlobalSection(SolutionConfigurationPlatforms) = preSolution
		Debug|Any CPU = Debug|Any CPU
		Debug|x64 = Debug|x64
		Debug|x86 = Debug|x86
		Release|Any CPU = Release|Any CPU
		Release|x64 = Release|x64
		Release|x86 = Release|x86
	EndGlobalSection
	GlobalSection(ProjectConfigurationPlatforms) = postSolution
		{B1633D25-136A-4643-B38D-AA8F6C1E99DC}.Debug|Any CPU.ActiveCfg = Debug|Any CPU
		{B1633D25-136A-4643-B38D-AA8F6C1E99DC}.Debug|Any CPU.Build.0 = Debug|Any CPU
		{B1633D25-136A-4643-B38D-AA8F6C1E99DC}.Debug|x64.ActiveCfg = Debug|Any CPU
		{B1633D25-136A-4643-B38D-AA8F6C1E99DC}.Debug|x64.Build.0 = Debug|Any CPU
		{B1633D25-136A-4643-B38D-AA8F6C1E99DC}.Debug|x86.ActiveCfg = Debug|Any CPU
		{B1633D25-136A-4643-B38D-AA8F6C1E99DC}.Debug|x86.Build.0 = Debug|Any CPU
		{B1633D25-136A-4643-B38D-AA8F6C1E99DC}.Release|Any CPU.ActiveCfg = Release|Any CPU
		{B1633D25-136A-4643-B38D-AA8F6C1E99DC}.Release|Any CPU.Build.0 = Release|Any CPU
		{B1633D25-136A-4643-B38D-AA8F6C1E99DC}.Release|x64.ActiveCfg = Release|Any CPU
		{B1633D25-136A-4643-B38D-AA8F6C1E99DC}.Release|x64.Build.0 = Release|Any CPU
		{B1633D25-136A-4643-B38D-AA8F6C1E99DC}.Release|x86.ActiveCfg = Release|Any CPU
		{B1633D25-136A-4643-B38D-AA8F6C1E99DC}.Release|x86.Build.0 = Release|Any CPU
		{FA7CABE6-95E4-43D1-B8C2-825458432B3D}.Debug|Any CPU.ActiveCfg = Debug|Any CPU
		{FA7CABE6-95E4-43D1-B8C2-825458432B3D}.Debug|Any CPU.Build.0 = Debug|Any CPU
		{FA7CABE6-95E4-43D1-B8C2-825458432B3D}.Debug|x64.ActiveCfg = Debug|Any CPU
		{FA7CABE6-95E4-43D1-B8C2-825458432B3D}.Debug|x64.Build.0 = Debug|Any CPU
		{FA7CABE6-95E4-43D1-B8C2-825458432B3D}.Debug|x86.ActiveCfg = Debug|Any CPU
		{FA7CABE6-95E4-43D1-B8C2-825458432B3D}.Debug|x86.Build.0 = Debug|Any CPU
		{FA7CABE6-95E4-43D1-B8C2-825458432B3D}.Release|Any CPU.ActiveCfg = Release|Any CPU
		{FA7CABE6-95E4-43D1-B8C2-825458432B3D}.Release|Any CPU.Build.0 = Release|Any CPU
		{FA7CABE6-95E4-43D1-B8C2-825458432B3D}.Release|x64.ActiveCfg = Release|Any CPU
		{FA7CABE6-95E4-43D1-B8C2-825458432B3D}.Release|x64.Build.0 = Release|Any CPU
		{FA7CABE6-95E4-43D1-B8C2-825458432B3D}.Release|x86.ActiveCfg = Release|Any CPU
		{FA7CABE6-95E4-43D1-B8C2-825458432B3D}.Release|x86.Build.0 = Release|Any CPU
		{8722BFE1-B9F4-48DC-8E76-85D5C920B872}.Debug|Any CPU.ActiveCfg = Debug|Any CPU
		{8722BFE1-B9F4-48DC-8E76-85D5C920B872}.Debug|Any CPU.Build.0 = Debug|Any CPU
		{8722BFE1-B9F4-48DC-8E76-85D5C920B872}.Debug|x64.ActiveCfg = Debug|Any CPU
		{8722BFE1-B9F4-48DC-8E76-85D5C920B872}.Debug|x64.Build.0 = Debug|Any CPU
		{8722BFE1-B9F4-48DC-8E76-85D5C920B872}.Debug|x86.ActiveCfg = Debug|Any CPU
		{8722BFE1-B9F4-48DC-8E76-85D5C920B872}.Debug|x86.Build.0 = Debug|Any CPU
		{8722BFE1-B9F4-48DC-8E76-85D5C920B872}.Release|Any CPU.ActiveCfg = Release|Any CPU
		{8722BFE1-B9F4-48DC-8E76-85D5C920B872}.Release|Any CPU.Build.0 = Release|Any CPU
		{8722BFE1-B9F4-48DC-8E76-85D5C920B872}.Release|x64.ActiveCfg = Release|Any CPU
		{8722BFE1-B9F4-48DC-8E76-85D5C920B872}.Release|x64.Build.0 = Release|Any CPU
		{8722BFE1-B9F4-48DC-8E76-85D5C920B872}.Release|x86.ActiveCfg = Release|Any CPU
		{8722BFE1-B9F4-48DC-8E76-85D5C920B872}.Release|x86.Build.0 = Release|Any CPU
	EndGlobalSection
	GlobalSection(SolutionProperties) = preSolution
		HideSolutionNode = FALSE
	EndGlobalSection
	GlobalSection(ExtensibilityGlobals) = postSolution
		SolutionGuid = {937E29FA-950C-4891-AE63-414D19879A71}
	EndGlobalSection
EndGlobal